
Microsoft Visual Studio Solution File, Format Version 12.00
# Visual Studio 2012
Project("{FAE04EC0-301F-11D3-BF4B-00C04F79EFBC}") = "Boerman.TcpClientExample", "Boerman.TcpClientExample\Boerman.TcpClientExample.csproj", "{A7F5D16A-31B1-4957-90E6-E50356B0A023}"
EndProject
Project("{FAE04EC0-301F-11D3-BF4B-00C04F79EFBC}") = "Boerman.Networking", "Boerman.Networking\Boerman.Networking.csproj", "{8F4B6EB3-F1C4-4B15-9517-3B1F08D96D17}"
EndProject
Project("{FAE04EC0-301F-11D3-BF4B-00C04F79EFBC}") = "Boerman.TcpServerExample", "Boerman.TcpServerExample\Boerman.TcpServerExample.csproj", "{5064B8A8-DA2C-435D-B131-87425900B057}"
EndProject
Project("{2150E333-8FDC-42A3-9474-1A3956D46DE8}") = "Samples", "Samples", "{F16970E4-D25E-4A43-B2F7-7E237060D02B}"
EndProject
Project("{FAE04EC0-301F-11D3-BF4B-00C04F79EFBC}") = "HttpRequestExample", "HttpRequestExample\HttpRequestExample.csproj", "{5F11EDAE-0A73-435E-99FB-1DAAABA2FB28}"
EndProject
Project("{FAE04EC0-301F-11D3-BF4B-00C04F79EFBC}") = "TcpServerWithSSL", "TcpServerWithSSL\TcpServerWithSSL.csproj", "{246DCF1E-9C4C-4DDD-A5A7-E74775FCF8F4}"
EndProject
Global
	GlobalSection(SolutionConfigurationPlatforms) = preSolution
		Debug|Any CPU = Debug|Any CPU
		Release|Any CPU = Release|Any CPU
	EndGlobalSection
	GlobalSection(ProjectConfigurationPlatforms) = postSolution
		{A7F5D16A-31B1-4957-90E6-E50356B0A023}.Debug|Any CPU.ActiveCfg = Debug|Any CPU
		{A7F5D16A-31B1-4957-90E6-E50356B0A023}.Debug|Any CPU.Build.0 = Debug|Any CPU
		{A7F5D16A-31B1-4957-90E6-E50356B0A023}.Release|Any CPU.ActiveCfg = Release|Any CPU
		{A7F5D16A-31B1-4957-90E6-E50356B0A023}.Release|Any CPU.Build.0 = Release|Any CPU
		{8F4B6EB3-F1C4-4B15-9517-3B1F08D96D17}.Debug|Any CPU.ActiveCfg = Debug|Any CPU
		{8F4B6EB3-F1C4-4B15-9517-3B1F08D96D17}.Debug|Any CPU.Build.0 = Debug|Any CPU
		{8F4B6EB3-F1C4-4B15-9517-3B1F08D96D17}.Release|Any CPU.ActiveCfg = Release|Any CPU
		{8F4B6EB3-F1C4-4B15-9517-3B1F08D96D17}.Release|Any CPU.Build.0 = Release|Any CPU
		{5064B8A8-DA2C-435D-B131-87425900B057}.Debug|Any CPU.ActiveCfg = Debug|Any CPU
		{5064B8A8-DA2C-435D-B131-87425900B057}.Debug|Any CPU.Build.0 = Debug|Any CPU
		{5064B8A8-DA2C-435D-B131-87425900B057}.Release|Any CPU.ActiveCfg = Release|Any CPU
		{5064B8A8-DA2C-435D-B131-87425900B057}.Release|Any CPU.Build.0 = Release|Any CPU
		{5F11EDAE-0A73-435E-99FB-1DAAABA2FB28}.Debug|Any CPU.ActiveCfg = Debug|Any CPU
		{5F11EDAE-0A73-435E-99FB-1DAAABA2FB28}.Debug|Any CPU.Build.0 = Debug|Any CPU
		{5F11EDAE-0A73-435E-99FB-1DAAABA2FB28}.Release|Any CPU.ActiveCfg = Release|Any CPU
		{5F11EDAE-0A73-435E-99FB-1DAAABA2FB28}.Release|Any CPU.Build.0 = Release|Any CPU
		{246DCF1E-9C4C-4DDD-A5A7-E74775FCF8F4}.Debug|Any CPU.ActiveCfg = Debug|Any CPU
		{246DCF1E-9C4C-4DDD-A5A7-E74775FCF8F4}.Debug|Any CPU.Build.0 = Debug|Any CPU
		{246DCF1E-9C4C-4DDD-A5A7-E74775FCF8F4}.Release|Any CPU.ActiveCfg = Release|Any CPU
		{246DCF1E-9C4C-4DDD-A5A7-E74775FCF8F4}.Release|Any CPU.Build.0 = Release|Any CPU
	EndGlobalSection
	GlobalSection(NestedProjects) = preSolution
		{A7F5D16A-31B1-4957-90E6-E50356B0A023} = {F16970E4-D25E-4A43-B2F7-7E237060D02B}
		{5064B8A8-DA2C-435D-B131-87425900B057} = {F16970E4-D25E-4A43-B2F7-7E237060D02B}
		{5F11EDAE-0A73-435E-99FB-1DAAABA2FB28} = {F16970E4-D25E-4A43-B2F7-7E237060D02B}
		{246DCF1E-9C4C-4DDD-A5A7-E74775FCF8F4} = {F16970E4-D25E-4A43-B2F7-7E237060D02B}
	EndGlobalSection
EndGlobal
