
Microsoft Visual Studio Solution File, Format Version 12.00
# Visual Studio 2012
Project("{FAE04EC0-301F-11D3-BF4B-00C04F79EFBC}") = "Boerman.TcpClientExample", "Boerman.TcpClientExample\Boerman.TcpClientExample.csproj", "{A7F5D16A-31B1-4957-90E6-E50356B0A023}"
EndProject
Project("{FAE04EC0-301F-11D3-BF4B-00C04F79EFBC}") = "Boerman.Networking", "Boerman.Networking\Boerman.Networking.csproj", "{8F4B6EB3-F1C4-4B15-9517-3B1F08D96D17}"
EndProject
Project("{FAE04EC0-301F-11D3-BF4B-00C04F79EFBC}") = "Boerman.TcpServerExample", "Boerman.TcpServerExample\Boerman.TcpServerExample.csproj", "{5064B8A8-DA2C-435D-B131-87425900B057}"
EndProject
Global
	GlobalSection(SolutionConfigurationPlatforms) = preSolution
		Debug|Any CPU = Debug|Any CPU
		Release|Any CPU = Release|Any CPU
	EndGlobalSection
	GlobalSection(ProjectConfigurationPlatforms) = postSolution
		{A7F5D16A-31B1-4957-90E6-E50356B0A023}.Debug|Any CPU.ActiveCfg = Debug|Any CPU
		{A7F5D16A-31B1-4957-90E6-E50356B0A023}.Debug|Any CPU.Build.0 = Debug|Any CPU
		{A7F5D16A-31B1-4957-90E6-E50356B0A023}.Release|Any CPU.ActiveCfg = Release|Any CPU
		{A7F5D16A-31B1-4957-90E6-E50356B0A023}.Release|Any CPU.Build.0 = Release|Any CPU
		{8F4B6EB3-F1C4-4B15-9517-3B1F08D96D17}.Debug|Any CPU.ActiveCfg = Debug|Any CPU
		{8F4B6EB3-F1C4-4B15-9517-3B1F08D96D17}.Debug|Any CPU.Build.0 = Debug|Any CPU
		{8F4B6EB3-F1C4-4B15-9517-3B1F08D96D17}.Release|Any CPU.ActiveCfg = Release|Any CPU
		{8F4B6EB3-F1C4-4B15-9517-3B1F08D96D17}.Release|Any CPU.Build.0 = Release|Any CPU
		{5064B8A8-DA2C-435D-B131-87425900B057}.Debug|Any CPU.ActiveCfg = Debug|Any CPU
		{5064B8A8-DA2C-435D-B131-87425900B057}.Debug|Any CPU.Build.0 = Debug|Any CPU
		{5064B8A8-DA2C-435D-B131-87425900B057}.Release|Any CPU.ActiveCfg = Release|Any CPU
		{5064B8A8-DA2C-435D-B131-87425900B057}.Release|Any CPU.Build.0 = Release|Any CPU
	EndGlobalSection
EndGlobal
